// !$*UTF8*$!
{
	archiveVersion = 1;
	classes = {
	};
	objectVersion = 56;
	objects = {

/* Begin PBXBuildFile section */
		9C4754592CEBA50300B4E4AD /* URLEncodeDetailView.swift in Sources */ = {isa = PBXBuildFile; fileRef = 9C4754582CEBA50300B4E4AD /* URLEncodeDetailView.swift */; };
		9C47545D2CEBA6B300B4E4AD /* BaseConvertView.swift in Sources */ = {isa = PBXBuildFile; fileRef = 9C47545C2CEBA6B300B4E4AD /* BaseConvertView.swift */; };
		9C47545F2CEBAF6700B4E4AD /* ChineseToUnicodeDetailView.swift in Sources */ = {isa = PBXBuildFile; fileRef = 9C47545E2CEBAF6700B4E4AD /* ChineseToUnicodeDetailView.swift */; };
		9CF090152C9F32AC00073DE5 /* DevToolsApp.swift in Sources */ = {isa = PBXBuildFile; fileRef = 9CF090142C9F32AC00073DE5 /* DevToolsApp.swift */; };
		9CF090172C9F32AC00073DE5 /* ContentView.swift in Sources */ = {isa = PBXBuildFile; fileRef = 9CF090162C9F32AC00073DE5 /* ContentView.swift */; };
		9CF090192C9F32AD00073DE5 /* Assets.xcassets in Resources */ = {isa = PBXBuildFile; fileRef = 9CF090182C9F32AD00073DE5 /* Assets.xcassets */; };
		9CF0901C2C9F32AD00073DE5 /* Preview Assets.xcassets in Resources */ = {isa = PBXBuildFile; fileRef = 9CF0901B2C9F32AD00073DE5 /* Preview Assets.xcassets */; };
		9CF090272C9F32AD00073DE5 /* DevToolsTests.swift in Sources */ = {isa = PBXBuildFile; fileRef = 9CF090262C9F32AD00073DE5 /* DevToolsTests.swift */; };
		9CF090312C9F32AD00073DE5 /* DevToolsUITests.swift in Sources */ = {isa = PBXBuildFile; fileRef = 9CF090302C9F32AD00073DE5 /* DevToolsUITests.swift */; };
		9CF090332C9F32AD00073DE5 /* DevToolsUITestsLaunchTests.swift in Sources */ = {isa = PBXBuildFile; fileRef = 9CF090322C9F32AD00073DE5 /* DevToolsUITestsLaunchTests.swift */; };
		9CF0905D2CA0076800073DE5 /* ToolModel.swift in Sources */ = {isa = PBXBuildFile; fileRef = 9CF0905C2CA0076800073DE5 /* ToolModel.swift */; };
		9CF0905F2CA0079500073DE5 /* ToolDataSource.swift in Sources */ = {isa = PBXBuildFile; fileRef = 9CF0905E2CA0079500073DE5 /* ToolDataSource.swift */; };
		9CF090622CA00B0E00073DE5 /* UnfinishedDetailView.swift in Sources */ = {isa = PBXBuildFile; fileRef = 9CF090612CA00B0E00073DE5 /* UnfinishedDetailView.swift */; };
		9CF090642CA00BD300073DE5 /* JSONToStringDetailView.swift in Sources */ = {isa = PBXBuildFile; fileRef = 9CF090632CA00BD300073DE5 /* JSONToStringDetailView.swift */; };
		9CF0906A2CA028E000073DE5 /* SwiftyJSON in Frameworks */ = {isa = PBXBuildFile; productRef = 9CF090692CA028E000073DE5 /* SwiftyJSON */; };
/* End PBXBuildFile section */

/* Begin PBXContainerItemProxy section */
		9CF090232C9F32AD00073DE5 /* PBXContainerItemProxy */ = {
			isa = PBXContainerItemProxy;
			containerPortal = 9CF090092C9F32AC00073DE5 /* Project object */;
			proxyType = 1;
			remoteGlobalIDString = 9CF090102C9F32AC00073DE5;
			remoteInfo = DevTools;
		};
		9CF0902D2C9F32AD00073DE5 /* PBXContainerItemProxy */ = {
			isa = PBXContainerItemProxy;
			containerPortal = 9CF090092C9F32AC00073DE5 /* Project object */;
			proxyType = 1;
			remoteGlobalIDString = 9CF090102C9F32AC00073DE5;
			remoteInfo = DevTools;
		};
/* End PBXContainerItemProxy section */

/* Begin PBXFileReference section */
		9C4754582CEBA50300B4E4AD /* URLEncodeDetailView.swift */ = {isa = PBXFileReference; lastKnownFileType = sourcecode.swift; path = URLEncodeDetailView.swift; sourceTree = "<group>"; };
		9C47545C2CEBA6B300B4E4AD /* BaseConvertView.swift */ = {isa = PBXFileReference; lastKnownFileType = sourcecode.swift; path = BaseConvertView.swift; sourceTree = "<group>"; };
		9C47545E2CEBAF6700B4E4AD /* ChineseToUnicodeDetailView.swift */ = {isa = PBXFileReference; lastKnownFileType = sourcecode.swift; path = ChineseToUnicodeDetailView.swift; sourceTree = "<group>"; };
		9CF090112C9F32AC00073DE5 /* DevTools.app */ = {isa = PBXFileReference; explicitFileType = wrapper.application; includeInIndex = 0; path = DevTools.app; sourceTree = BUILT_PRODUCTS_DIR; };
		9CF090142C9F32AC00073DE5 /* DevToolsApp.swift */ = {isa = PBXFileReference; lastKnownFileType = sourcecode.swift; path = DevToolsApp.swift; sourceTree = "<group>"; };
		9CF090162C9F32AC00073DE5 /* ContentView.swift */ = {isa = PBXFileReference; lastKnownFileType = sourcecode.swift; path = ContentView.swift; sourceTree = "<group>"; };
		9CF090182C9F32AD00073DE5 /* Assets.xcassets */ = {isa = PBXFileReference; lastKnownFileType = folder.assetcatalog; path = Assets.xcassets; sourceTree = "<group>"; };
		9CF0901B2C9F32AD00073DE5 /* Preview Assets.xcassets */ = {isa = PBXFileReference; lastKnownFileType = folder.assetcatalog; path = "Preview Assets.xcassets"; sourceTree = "<group>"; };
		9CF0901D2C9F32AD00073DE5 /* DevTools.entitlements */ = {isa = PBXFileReference; lastKnownFileType = text.plist.entitlements; path = DevTools.entitlements; sourceTree = "<group>"; };
		9CF090222C9F32AD00073DE5 /* DevToolsTests.xctest */ = {isa = PBXFileReference; explicitFileType = wrapper.cfbundle; includeInIndex = 0; path = DevToolsTests.xctest; sourceTree = BUILT_PRODUCTS_DIR; };
		9CF090262C9F32AD00073DE5 /* DevToolsTests.swift */ = {isa = PBXFileReference; lastKnownFileType = sourcecode.swift; path = DevToolsTests.swift; sourceTree = "<group>"; };
		9CF0902C2C9F32AD00073DE5 /* DevToolsUITests.xctest */ = {isa = PBXFileReference; explicitFileType = wrapper.cfbundle; includeInIndex = 0; path = DevToolsUITests.xctest; sourceTree = BUILT_PRODUCTS_DIR; };
		9CF090302C9F32AD00073DE5 /* DevToolsUITests.swift */ = {isa = PBXFileReference; lastKnownFileType = sourcecode.swift; path = DevToolsUITests.swift; sourceTree = "<group>"; };
		9CF090322C9F32AD00073DE5 /* DevToolsUITestsLaunchTests.swift */ = {isa = PBXFileReference; lastKnownFileType = sourcecode.swift; path = DevToolsUITestsLaunchTests.swift; sourceTree = "<group>"; };
		9CF0905C2CA0076800073DE5 /* ToolModel.swift */ = {isa = PBXFileReference; lastKnownFileType = sourcecode.swift; path = ToolModel.swift; sourceTree = "<group>"; };
		9CF0905E2CA0079500073DE5 /* ToolDataSource.swift */ = {isa = PBXFileReference; lastKnownFileType = sourcecode.swift; path = ToolDataSource.swift; sourceTree = "<group>"; };
		9CF090612CA00B0E00073DE5 /* UnfinishedDetailView.swift */ = {isa = PBXFileReference; lastKnownFileType = sourcecode.swift; path = UnfinishedDetailView.swift; sourceTree = "<group>"; };
		9CF090632CA00BD300073DE5 /* JSONToStringDetailView.swift */ = {isa = PBXFileReference; lastKnownFileType = sourcecode.swift; path = JSONToStringDetailView.swift; sourceTree = "<group>"; };
/* End PBXFileReference section */

/* Begin PBXFrameworksBuildPhase section */
		9CF0900E2C9F32AC00073DE5 /* Frameworks */ = {
			isa = PBXFrameworksBuildPhase;
			buildActionMask = 2147483647;
			files = (
				9CF0906A2CA028E000073DE5 /* SwiftyJSON in Frameworks */,
			);
			runOnlyForDeploymentPostprocessing = 0;
		};
		9CF0901F2C9F32AD00073DE5 /* Frameworks */ = {
			isa = PBXFrameworksBuildPhase;
			buildActionMask = 2147483647;
			files = (
			);
			runOnlyForDeploymentPostprocessing = 0;
		};
		9CF090292C9F32AD00073DE5 /* Frameworks */ = {
			isa = PBXFrameworksBuildPhase;
			buildActionMask = 2147483647;
			files = (
			);
			runOnlyForDeploymentPostprocessing = 0;
		};
/* End PBXFrameworksBuildPhase section */

/* Begin PBXGroup section */
		9C47545A2CEBA69B00B4E4AD /* Base */ = {
			isa = PBXGroup;
			children = (
				9C47545C2CEBA6B300B4E4AD /* BaseConvertView.swift */,
			);
			path = Base;
			sourceTree = "<group>";
		};
		9CF090082C9F32AC00073DE5 = {
			isa = PBXGroup;
			children = (
				9CF090132C9F32AC00073DE5 /* DevTools */,
				9CF090252C9F32AD00073DE5 /* DevToolsTests */,
				9CF0902F2C9F32AD00073DE5 /* DevToolsUITests */,
				9CF090122C9F32AC00073DE5 /* Products */,
			);
			sourceTree = "<group>";
		};
		9CF090122C9F32AC00073DE5 /* Products */ = {
			isa = PBXGroup;
			children = (
				9CF090112C9F32AC00073DE5 /* DevTools.app */,
				9CF090222C9F32AD00073DE5 /* DevToolsTests.xctest */,
				9CF0902C2C9F32AD00073DE5 /* DevToolsUITests.xctest */,
			);
			name = Products;
			sourceTree = "<group>";
		};
		9CF090132C9F32AC00073DE5 /* DevTools */ = {
			isa = PBXGroup;
			children = (
				9CF090602CA0093600073DE5 /* View */,
				9CF0905B2CA0070A00073DE5 /* Model */,
				9CF090142C9F32AC00073DE5 /* DevToolsApp.swift */,
				9CF090162C9F32AC00073DE5 /* ContentView.swift */,
				9CF090182C9F32AD00073DE5 /* Assets.xcassets */,
				9CF0901D2C9F32AD00073DE5 /* DevTools.entitlements */,
				9CF0901A2C9F32AD00073DE5 /* Preview Content */,
			);
			path = DevTools;
			sourceTree = "<group>";
		};
		9CF0901A2C9F32AD00073DE5 /* Preview Content */ = {
			isa = PBXGroup;
			children = (
				9CF0901B2C9F32AD00073DE5 /* Preview Assets.xcassets */,
			);
			path = "Preview Content";
			sourceTree = "<group>";
		};
		9CF090252C9F32AD00073DE5 /* DevToolsTests */ = {
			isa = PBXGroup;
			children = (
				9CF090262C9F32AD00073DE5 /* DevToolsTests.swift */,
			);
			path = DevToolsTests;
			sourceTree = "<group>";
		};
		9CF0902F2C9F32AD00073DE5 /* DevToolsUITests */ = {
			isa = PBXGroup;
			children = (
				9CF090302C9F32AD00073DE5 /* DevToolsUITests.swift */,
				9CF090322C9F32AD00073DE5 /* DevToolsUITestsLaunchTests.swift */,
			);
			path = DevToolsUITests;
			sourceTree = "<group>";
		};
		9CF0905B2CA0070A00073DE5 /* Model */ = {
			isa = PBXGroup;
			children = (
				9CF0905C2CA0076800073DE5 /* ToolModel.swift */,
				9CF0905E2CA0079500073DE5 /* ToolDataSource.swift */,
			);
			path = Model;
			sourceTree = "<group>";
		};
		9CF090602CA0093600073DE5 /* View */ = {
			isa = PBXGroup;
			children = (
				9C47545A2CEBA69B00B4E4AD /* Base */,
				9CF090652CA01C3000073DE5 /* Components */,
			);
			path = View;
			sourceTree = "<group>";
		};
		9CF090652CA01C3000073DE5 /* Components */ = {
			isa = PBXGroup;
			children = (
				9CF090612CA00B0E00073DE5 /* UnfinishedDetailView.swift */,
				9CF090632CA00BD300073DE5 /* JSONToStringDetailView.swift */,
				9C4754582CEBA50300B4E4AD /* URLEncodeDetailView.swift */,
				9C47545E2CEBAF6700B4E4AD /* ChineseToUnicodeDetailView.swift */,
			);
			path = Components;
			sourceTree = "<group>";
		};
/* End PBXGroup section */

/* Begin PBXNativeTarget section */
		9CF090102C9F32AC00073DE5 /* DevTools */ = {
			isa = PBXNativeTarget;
			buildConfigurationList = 9CF090362C9F32AD00073DE5 /* Build configuration list for PBXNativeTarget "DevTools" */;
			buildPhases = (
				9CF0900D2C9F32AC00073DE5 /* Sources */,
				9CF0900E2C9F32AC00073DE5 /* Frameworks */,
				9CF0900F2C9F32AC00073DE5 /* Resources */,
			);
			buildRules = (
			);
			dependencies = (
			);
			name = DevTools;
			packageProductDependencies = (
				9CF090692CA028E000073DE5 /* SwiftyJSON */,
			);
			productName = DevTools;
			productReference = 9CF090112C9F32AC00073DE5 /* DevTools.app */;
			productType = "com.apple.product-type.application";
		};
		9CF090212C9F32AD00073DE5 /* DevToolsTests */ = {
			isa = PBXNativeTarget;
			buildConfigurationList = 9CF090392C9F32AD00073DE5 /* Build configuration list for PBXNativeTarget "DevToolsTests" */;
			buildPhases = (
				9CF0901E2C9F32AD00073DE5 /* Sources */,
				9CF0901F2C9F32AD00073DE5 /* Frameworks */,
				9CF090202C9F32AD00073DE5 /* Resources */,
			);
			buildRules = (
			);
			dependencies = (
				9CF090242C9F32AD00073DE5 /* PBXTargetDependency */,
			);
			name = DevToolsTests;
			productName = DevToolsTests;
			productReference = 9CF090222C9F32AD00073DE5 /* DevToolsTests.xctest */;
			productType = "com.apple.product-type.bundle.unit-test";
		};
		9CF0902B2C9F32AD00073DE5 /* DevToolsUITests */ = {
			isa = PBXNativeTarget;
			buildConfigurationList = 9CF0903C2C9F32AD00073DE5 /* Build configuration list for PBXNativeTarget "DevToolsUITests" */;
			buildPhases = (
				9CF090282C9F32AD00073DE5 /* Sources */,
				9CF090292C9F32AD00073DE5 /* Frameworks */,
				9CF0902A2C9F32AD00073DE5 /* Resources */,
			);
			buildRules = (
			);
			dependencies = (
				9CF0902E2C9F32AD00073DE5 /* PBXTargetDependency */,
			);
			name = DevToolsUITests;
			productName = DevToolsUITests;
			productReference = 9CF0902C2C9F32AD00073DE5 /* DevToolsUITests.xctest */;
			productType = "com.apple.product-type.bundle.ui-testing";
		};
/* End PBXNativeTarget section */

/* Begin PBXProject section */
		9CF090092C9F32AC00073DE5 /* Project object */ = {
			isa = PBXProject;
			attributes = {
				BuildIndependentTargetsInParallel = 1;
				LastSwiftUpdateCheck = 1530;
				LastUpgradeCheck = 1610;
				TargetAttributes = {
					9CF090102C9F32AC00073DE5 = {
						CreatedOnToolsVersion = 15.3;
					};
					9CF090212C9F32AD00073DE5 = {
						CreatedOnToolsVersion = 15.3;
						TestTargetID = 9CF090102C9F32AC00073DE5;
					};
					9CF0902B2C9F32AD00073DE5 = {
						CreatedOnToolsVersion = 15.3;
						TestTargetID = 9CF090102C9F32AC00073DE5;
					};
				};
			};
			buildConfigurationList = 9CF0900C2C9F32AC00073DE5 /* Build configuration list for PBXProject "DevTools" */;
			compatibilityVersion = "Xcode 14.0";
			developmentRegion = en;
			hasScannedForEncodings = 0;
			knownRegions = (
				en,
				Base,
			);
			mainGroup = 9CF090082C9F32AC00073DE5;
			packageReferences = (
				9CF090682CA028E000073DE5 /* XCRemoteSwiftPackageReference "SwiftyJSON" */,
			);
			productRefGroup = 9CF090122C9F32AC00073DE5 /* Products */;
			projectDirPath = "";
			projectRoot = "";
			targets = (
				9CF090102C9F32AC00073DE5 /* DevTools */,
				9CF090212C9F32AD00073DE5 /* DevToolsTests */,
				9CF0902B2C9F32AD00073DE5 /* DevToolsUITests */,
			);
		};
/* End PBXProject section */

/* Begin PBXResourcesBuildPhase section */
		9CF0900F2C9F32AC00073DE5 /* Resources */ = {
			isa = PBXResourcesBuildPhase;
			buildActionMask = 2147483647;
			files = (
				9CF0901C2C9F32AD00073DE5 /* Preview Assets.xcassets in Resources */,
				9CF090192C9F32AD00073DE5 /* Assets.xcassets in Resources */,
			);
			runOnlyForDeploymentPostprocessing = 0;
		};
		9CF090202C9F32AD00073DE5 /* Resources */ = {
			isa = PBXResourcesBuildPhase;
			buildActionMask = 2147483647;
			files = (
			);
			runOnlyForDeploymentPostprocessing = 0;
		};
		9CF0902A2C9F32AD00073DE5 /* Resources */ = {
			isa = PBXResourcesBuildPhase;
			buildActionMask = 2147483647;
			files = (
			);
			runOnlyForDeploymentPostprocessing = 0;
		};
/* End PBXResourcesBuildPhase section */

/* Begin PBXSourcesBuildPhase section */
		9CF0900D2C9F32AC00073DE5 /* Sources */ = {
			isa = PBXSourcesBuildPhase;
			buildActionMask = 2147483647;
			files = (
				9CF090172C9F32AC00073DE5 /* ContentView.swift in Sources */,
				9CF090622CA00B0E00073DE5 /* UnfinishedDetailView.swift in Sources */,
				9CF0905D2CA0076800073DE5 /* ToolModel.swift in Sources */,
				9CF0905F2CA0079500073DE5 /* ToolDataSource.swift in Sources */,
				9C47545F2CEBAF6700B4E4AD /* ChineseToUnicodeDetailView.swift in Sources */,
				9CF090152C9F32AC00073DE5 /* DevToolsApp.swift in Sources */,
				9CF090642CA00BD300073DE5 /* JSONToStringDetailView.swift in Sources */,
				9C4754592CEBA50300B4E4AD /* URLEncodeDetailView.swift in Sources */,
				9C47545D2CEBA6B300B4E4AD /* BaseConvertView.swift in Sources */,
			);
			runOnlyForDeploymentPostprocessing = 0;
		};
		9CF0901E2C9F32AD00073DE5 /* Sources */ = {
			isa = PBXSourcesBuildPhase;
			buildActionMask = 2147483647;
			files = (
				9CF090272C9F32AD00073DE5 /* DevToolsTests.swift in Sources */,
			);
			runOnlyForDeploymentPostprocessing = 0;
		};
		9CF090282C9F32AD00073DE5 /* Sources */ = {
			isa = PBXSourcesBuildPhase;
			buildActionMask = 2147483647;
			files = (
				9CF090332C9F32AD00073DE5 /* DevToolsUITestsLaunchTests.swift in Sources */,
				9CF090312C9F32AD00073DE5 /* DevToolsUITests.swift in Sources */,
			);
			runOnlyForDeploymentPostprocessing = 0;
		};
/* End PBXSourcesBuildPhase section */

/* Begin PBXTargetDependency section */
		9CF090242C9F32AD00073DE5 /* PBXTargetDependency */ = {
			isa = PBXTargetDependency;
			target = 9CF090102C9F32AC00073DE5 /* DevTools */;
			targetProxy = 9CF090232C9F32AD00073DE5 /* PBXContainerItemProxy */;
		};
		9CF0902E2C9F32AD00073DE5 /* PBXTargetDependency */ = {
			isa = PBXTargetDependency;
			target = 9CF090102C9F32AC00073DE5 /* DevTools */;
			targetProxy = 9CF0902D2C9F32AD00073DE5 /* PBXContainerItemProxy */;
		};
/* End PBXTargetDependency section */

/* Begin XCBuildConfiguration section */
		9CF090342C9F32AD00073DE5 /* Debug */ = {
			isa = XCBuildConfiguration;
			buildSettings = {
				ALWAYS_SEARCH_USER_PATHS = NO;
				ASSETCATALOG_COMPILER_GENERATE_SWIFT_ASSET_SYMBOL_EXTENSIONS = YES;
				CLANG_ANALYZER_NONNULL = YES;
				CLANG_ANALYZER_NUMBER_OBJECT_CONVERSION = YES_AGGRESSIVE;
				CLANG_CXX_LANGUAGE_STANDARD = "gnu++20";
				CLANG_ENABLE_MODULES = YES;
				CLANG_ENABLE_OBJC_ARC = YES;
				CLANG_ENABLE_OBJC_WEAK = YES;
				CLANG_WARN_BLOCK_CAPTURE_AUTORELEASING = YES;
				CLANG_WARN_BOOL_CONVERSION = YES;
				CLANG_WARN_COMMA = YES;
				CLANG_WARN_CONSTANT_CONVERSION = YES;
				CLANG_WARN_DEPRECATED_OBJC_IMPLEMENTATIONS = YES;
				CLANG_WARN_DIRECT_OBJC_ISA_USAGE = YES_ERROR;
				CLANG_WARN_DOCUMENTATION_COMMENTS = YES;
				CLANG_WARN_EMPTY_BODY = YES;
				CLANG_WARN_ENUM_CONVERSION = YES;
				CLANG_WARN_INFINITE_RECURSION = YES;
				CLANG_WARN_INT_CONVERSION = YES;
				CLANG_WARN_NON_LITERAL_NULL_CONVERSION = YES;
				CLANG_WARN_OBJC_IMPLICIT_RETAIN_SELF = YES;
				CLANG_WARN_OBJC_LITERAL_CONVERSION = YES;
				CLANG_WARN_OBJC_ROOT_CLASS = YES_ERROR;
				CLANG_WARN_QUOTED_INCLUDE_IN_FRAMEWORK_HEADER = YES;
				CLANG_WARN_RANGE_LOOP_ANALYSIS = YES;
				CLANG_WARN_STRICT_PROTOTYPES = YES;
				CLANG_WARN_SUSPICIOUS_MOVE = YES;
				CLANG_WARN_UNGUARDED_AVAILABILITY = YES_AGGRESSIVE;
				CLANG_WARN_UNREACHABLE_CODE = YES;
				CLANG_WARN__DUPLICATE_METHOD_MATCH = YES;
				COPY_PHASE_STRIP = NO;
				DEAD_CODE_STRIPPING = YES;
				DEBUG_INFORMATION_FORMAT = dwarf;
				ENABLE_STRICT_OBJC_MSGSEND = YES;
				ENABLE_TESTABILITY = YES;
				ENABLE_USER_SCRIPT_SANDBOXING = YES;
				GCC_C_LANGUAGE_STANDARD = gnu17;
				GCC_DYNAMIC_NO_PIC = NO;
				GCC_NO_COMMON_BLOCKS = YES;
				GCC_OPTIMIZATION_LEVEL = 0;
				GCC_PREPROCESSOR_DEFINITIONS = (
					"DEBUG=1",
					"$(inherited)",
				);
				GCC_WARN_64_TO_32_BIT_CONVERSION = YES;
				GCC_WARN_ABOUT_RETURN_TYPE = YES_ERROR;
				GCC_WARN_UNDECLARED_SELECTOR = YES;
				GCC_WARN_UNINITIALIZED_AUTOS = YES_AGGRESSIVE;
				GCC_WARN_UNUSED_FUNCTION = YES;
				GCC_WARN_UNUSED_VARIABLE = YES;
				LOCALIZATION_PREFERS_STRING_CATALOGS = YES;
				MACOSX_DEPLOYMENT_TARGET = 14.4;
				MTL_ENABLE_DEBUG_INFO = INCLUDE_SOURCE;
				MTL_FAST_MATH = YES;
				ONLY_ACTIVE_ARCH = YES;
				SDKROOT = macosx;
				SWIFT_ACTIVE_COMPILATION_CONDITIONS = "DEBUG $(inherited)";
				SWIFT_OPTIMIZATION_LEVEL = "-Onone";
			};
			name = Debug;
		};
		9CF090352C9F32AD00073DE5 /* Release */ = {
			isa = XCBuildConfiguration;
			buildSettings = {
				ALWAYS_SEARCH_USER_PATHS = NO;
				ASSETCATALOG_COMPILER_GENERATE_SWIFT_ASSET_SYMBOL_EXTENSIONS = YES;
				CLANG_ANALYZER_NONNULL = YES;
				CLANG_ANALYZER_NUMBER_OBJECT_CONVERSION = YES_AGGRESSIVE;
				CLANG_CXX_LANGUAGE_STANDARD = "gnu++20";
				CLANG_ENABLE_MODULES = YES;
				CLANG_ENABLE_OBJC_ARC = YES;
				CLANG_ENABLE_OBJC_WEAK = YES;
				CLANG_WARN_BLOCK_CAPTURE_AUTORELEASING = YES;
				CLANG_WARN_BOOL_CONVERSION = YES;
				CLANG_WARN_COMMA = YES;
				CLANG_WARN_CONSTANT_CONVERSION = YES;
				CLANG_WARN_DEPRECATED_OBJC_IMPLEMENTATIONS = YES;
				CLANG_WARN_DIRECT_OBJC_ISA_USAGE = YES_ERROR;
				CLANG_WARN_DOCUMENTATION_COMMENTS = YES;
				CLANG_WARN_EMPTY_BODY = YES;
				CLANG_WARN_ENUM_CONVERSION = YES;
				CLANG_WARN_INFINITE_RECURSION = YES;
				CLANG_WARN_INT_CONVERSION = YES;
				CLANG_WARN_NON_LITERAL_NULL_CONVERSION = YES;
				CLANG_WARN_OBJC_IMPLICIT_RETAIN_SELF = YES;
				CLANG_WARN_OBJC_LITERAL_CONVERSION = YES;
				CLANG_WARN_OBJC_ROOT_CLASS = YES_ERROR;
				CLANG_WARN_QUOTED_INCLUDE_IN_FRAMEWORK_HEADER = YES;
				CLANG_WARN_RANGE_LOOP_ANALYSIS = YES;
				CLANG_WARN_STRICT_PROTOTYPES = YES;
				CLANG_WARN_SUSPICIOUS_MOVE = YES;
				CLANG_WARN_UNGUARDED_AVAILABILITY = YES_AGGRESSIVE;
				CLANG_WARN_UNREACHABLE_CODE = YES;
				CLANG_WARN__DUPLICATE_METHOD_MATCH = YES;
				COPY_PHASE_STRIP = NO;
				DEAD_CODE_STRIPPING = YES;
				DEBUG_INFORMATION_FORMAT = "dwarf-with-dsym";
				ENABLE_NS_ASSERTIONS = NO;
				ENABLE_STRICT_OBJC_MSGSEND = YES;
				ENABLE_USER_SCRIPT_SANDBOXING = YES;
				GCC_C_LANGUAGE_STANDARD = gnu17;
				GCC_NO_COMMON_BLOCKS = YES;
				GCC_WARN_64_TO_32_BIT_CONVERSION = YES;
				GCC_WARN_ABOUT_RETURN_TYPE = YES_ERROR;
				GCC_WARN_UNDECLARED_SELECTOR = YES;
				GCC_WARN_UNINITIALIZED_AUTOS = YES_AGGRESSIVE;
				GCC_WARN_UNUSED_FUNCTION = YES;
				GCC_WARN_UNUSED_VARIABLE = YES;
				LOCALIZATION_PREFERS_STRING_CATALOGS = YES;
				MACOSX_DEPLOYMENT_TARGET = 14.4;
				MTL_ENABLE_DEBUG_INFO = NO;
				MTL_FAST_MATH = YES;
				SDKROOT = macosx;
				SWIFT_COMPILATION_MODE = wholemodule;
			};
			name = Release;
		};
		9CF090372C9F32AD00073DE5 /* Debug */ = {
			isa = XCBuildConfiguration;
			buildSettings = {
				ASSETCATALOG_COMPILER_APPICON_NAME = AppIcon;
				ASSETCATALOG_COMPILER_GLOBAL_ACCENT_COLOR_NAME = AccentColor;
				CODE_SIGN_ENTITLEMENTS = DevTools/DevTools.entitlements;
				CODE_SIGN_STYLE = Automatic;
				COMBINE_HIDPI_IMAGES = YES;
				CURRENT_PROJECT_VERSION = 1;
				DEAD_CODE_STRIPPING = YES;
				DEVELOPMENT_ASSET_PATHS = "\"DevTools/Preview Content\"";
				DEVELOPMENT_TEAM = DVKY3N289Q;
				ENABLE_HARDENED_RUNTIME = YES;
				ENABLE_PREVIEWS = YES;
				GENERATE_INFOPLIST_FILE = YES;
				INFOPLIST_KEY_NSHumanReadableCopyright = "";
				LD_RUNPATH_SEARCH_PATHS = (
					"$(inherited)",
					"@executable_path/../Frameworks",
				);
				MARKETING_VERSION = 1.0;
				PRODUCT_BUNDLE_IDENTIFIER = com.fafa.DevTools;
				PRODUCT_NAME = "$(TARGET_NAME)";
				SWIFT_EMIT_LOC_STRINGS = YES;
				SWIFT_VERSION = 5.0;
			};
			name = Debug;
		};
		9CF090382C9F32AD00073DE5 /* Release */ = {
			isa = XCBuildConfiguration;
			buildSettings = {
				ASSETCATALOG_COMPILER_APPICON_NAME = AppIcon;
				ASSETCATALOG_COMPILER_GLOBAL_ACCENT_COLOR_NAME = AccentColor;
				CODE_SIGN_ENTITLEMENTS = DevTools/DevTools.entitlements;
				CODE_SIGN_STYLE = Automatic;
				COMBINE_HIDPI_IMAGES = YES;
				CURRENT_PROJECT_VERSION = 1;
				DEAD_CODE_STRIPPING = YES;
				DEVELOPMENT_ASSET_PATHS = "\"DevTools/Preview Content\"";
				DEVELOPMENT_TEAM = DVKY3N289Q;
				ENABLE_HARDENED_RUNTIME = YES;
				ENABLE_PREVIEWS = YES;
				GENERATE_INFOPLIST_FILE = YES;
				INFOPLIST_KEY_NSHumanReadableCopyright = "";
				LD_RUNPATH_SEARCH_PATHS = (
					"$(inherited)",
					"@executable_path/../Frameworks",
				);
				MARKETING_VERSION = 1.0;
				PRODUCT_BUNDLE_IDENTIFIER = com.fafa.DevTools;
				PRODUCT_NAME = "$(TARGET_NAME)";
				SWIFT_EMIT_LOC_STRINGS = YES;
				SWIFT_VERSION = 5.0;
			};
			name = Release;
		};
		9CF0903A2C9F32AD00073DE5 /* Debug */ = {
			isa = XCBuildConfiguration;
			buildSettings = {
				BUNDLE_LOADER = "$(TEST_HOST)";
				CODE_SIGN_STYLE = Automatic;
				CURRENT_PROJECT_VERSION = 1;
				DEAD_CODE_STRIPPING = YES;
				DEVELOPMENT_TEAM = DVKY3N289Q;
				GENERATE_INFOPLIST_FILE = YES;
				MACOSX_DEPLOYMENT_TARGET = 14.4;
				MARKETING_VERSION = 1.0;
				PRODUCT_BUNDLE_IDENTIFIER = com.fafa.DevToolsTests;
				PRODUCT_NAME = "$(TARGET_NAME)";
				SWIFT_EMIT_LOC_STRINGS = NO;
				SWIFT_VERSION = 5.0;
				TEST_HOST = "$(BUILT_PRODUCTS_DIR)/DevTools.app/$(BUNDLE_EXECUTABLE_FOLDER_PATH)/DevTools";
			};
			name = Debug;
		};
		9CF0903B2C9F32AD00073DE5 /* Release */ = {
			isa = XCBuildConfiguration;
			buildSettings = {
				BUNDLE_LOADER = "$(TEST_HOST)";
				CODE_SIGN_STYLE = Automatic;
				CURRENT_PROJECT_VERSION = 1;
				DEAD_CODE_STRIPPING = YES;
				DEVELOPMENT_TEAM = DVKY3N289Q;
				GENERATE_INFOPLIST_FILE = YES;
				MACOSX_DEPLOYMENT_TARGET = 14.4;
				MARKETING_VERSION = 1.0;
				PRODUCT_BUNDLE_IDENTIFIER = com.fafa.DevToolsTests;
				PRODUCT_NAME = "$(TARGET_NAME)";
				SWIFT_EMIT_LOC_STRINGS = NO;
				SWIFT_VERSION = 5.0;
				TEST_HOST = "$(BUILT_PRODUCTS_DIR)/DevTools.app/$(BUNDLE_EXECUTABLE_FOLDER_PATH)/DevTools";
			};
			name = Release;
		};
		9CF0903D2C9F32AD00073DE5 /* Debug */ = {
			isa = XCBuildConfiguration;
			buildSettings = {
				CODE_SIGN_STYLE = Automatic;
				CURRENT_PROJECT_VERSION = 1;
				DEAD_CODE_STRIPPING = YES;
				DEVELOPMENT_TEAM = DVKY3N289Q;
				GENERATE_INFOPLIST_FILE = YES;
				MARKETING_VERSION = 1.0;
				PRODUCT_BUNDLE_IDENTIFIER = com.fafa.DevToolsUITests;
				PRODUCT_NAME = "$(TARGET_NAME)";
				SWIFT_EMIT_LOC_STRINGS = NO;
				SWIFT_VERSION = 5.0;
				TEST_TARGET_NAME = DevTools;
			};
			name = Debug;
		};
		9CF0903E2C9F32AD00073DE5 /* Release */ = {
			isa = XCBuildConfiguration;
			buildSettings = {
				CODE_SIGN_STYLE = Automatic;
				CURRENT_PROJECT_VERSION = 1;
				DEAD_CODE_STRIPPING = YES;
				DEVELOPMENT_TEAM = DVKY3N289Q;
				GENERATE_INFOPLIST_FILE = YES;
				MARKETING_VERSION = 1.0;
				PRODUCT_BUNDLE_IDENTIFIER = com.fafa.DevToolsUITests;
				PRODUCT_NAME = "$(TARGET_NAME)";
				SWIFT_EMIT_LOC_STRINGS = NO;
				SWIFT_VERSION = 5.0;
				TEST_TARGET_NAME = DevTools;
			};
			name = Release;
		};
/* End XCBuildConfiguration section */

/* Begin XCConfigurationList section */
		9CF0900C2C9F32AC00073DE5 /* Build configuration list for PBXProject "DevTools" */ = {
			isa = XCConfigurationList;
			buildConfigurations = (
				9CF090342C9F32AD00073DE5 /* Debug */,
				9CF090352C9F32AD00073DE5 /* Release */,
			);
			defaultConfigurationIsVisible = 0;
			defaultConfigurationName = Release;
		};
		9CF090362C9F32AD00073DE5 /* Build configuration list for PBXNativeTarget "DevTools" */ = {
			isa = XCConfigurationList;
			buildConfigurations = (
				9CF090372C9F32AD00073DE5 /* Debug */,
				9CF090382C9F32AD00073DE5 /* Release */,
			);
			defaultConfigurationIsVisible = 0;
			defaultConfigurationName = Release;
		};
		9CF090392C9F32AD00073DE5 /* Build configuration list for PBXNativeTarget "DevToolsTests" */ = {
			isa = XCConfigurationList;
			buildConfigurations = (
				9CF0903A2C9F32AD00073DE5 /* Debug */,
				9CF0903B2C9F32AD00073DE5 /* Release */,
			);
			defaultConfigurationIsVisible = 0;
			defaultConfigurationName = Release;
		};
		9CF0903C2C9F32AD00073DE5 /* Build configuration list for PBXNativeTarget "DevToolsUITests" */ = {
			isa = XCConfigurationList;
			buildConfigurations = (
				9CF0903D2C9F32AD00073DE5 /* Debug */,
				9CF0903E2C9F32AD00073DE5 /* Release */,
			);
			defaultConfigurationIsVisible = 0;
			defaultConfigurationName = Release;
		};
/* End XCConfigurationList section */

/* Begin XCRemoteSwiftPackageReference section */
		9CF090682CA028E000073DE5 /* XCRemoteSwiftPackageReference "SwiftyJSON" */ = {
			isa = XCRemoteSwiftPackageReference;
			repositoryURL = "https://github.com/SwiftyJSON/SwiftyJSON.git";
			requirement = {
				kind = upToNextMajorVersion;
				minimumVersion = 5.0.2;
			};
		};
/* End XCRemoteSwiftPackageReference section */

/* Begin XCSwiftPackageProductDependency section */
		9CF090692CA028E000073DE5 /* SwiftyJSON */ = {
			isa = XCSwiftPackageProductDependency;
			package = 9CF090682CA028E000073DE5 /* XCRemoteSwiftPackageReference "SwiftyJSON" */;
			productName = SwiftyJSON;
		};
/* End XCSwiftPackageProductDependency section */
	};
	rootObject = 9CF090092C9F32AC00073DE5 /* Project object */;
}
